version = 1
revision = 3
requires-python = ">=3.13"

[[package]]
name = "grpcio"
version = "1.81.1"
source = { registry = "https://pypi.org/simple" }
dependencies = [
    { name = "typing-extensions" },
]
sdist = { url = "https://files.pythonhosted.org/packages/b0/b5/1ff353970a87eda4c98251e34d2dfd214abd4982dc89119c9252a2a482d2/grpcio-1.81.1.tar.gz", hash = "sha256:6fa10a767143a5e82e8eaab53918af0cd8909a57a27f8cb2288b80a613ac671b", size = 13026582, upload-time = "2026-06-11T12:46:51.673Z" }
wheels = [
    { url = "https://files.pythonhosted.org/packages/7a/42/dcc2e4b600538ef18327c0839d56b7d3c3812337c5d710df5877dbb39b1e/grpcio-1.81.1-cp313-cp313-linux_armv7l.whl", hash = "sha256:b10e1ff4756ed27d5a29d7fc79cfce7ef1ff56ad20025b89bac7cf79e09abbbe", size = 6054466, upload-time = "2026-06-11T12:45:48.43Z" },
    { url = "https://files.pythonhosted.org/packages/7b/4a/a36e03210183a8a7d4c80c3936acee679f4bd77d5861f369db47b2cc5f05/grpcio-1.81.1-cp313-cp313-macosx_11_0_universal2.whl", hash = "sha256:819edbdcb42ab8598b494bcf0222684bbb7a3c772bd1b1f0be7e029a6063c28e", size = 12048795, upload-time = "2026-06-11T12:45:54.011Z" },
    { url = "https://files.pythonhosted.org/packages/b0/d5/d68e30b29098f63beab6fe501100fe82674ff142b32c672532da86a99b3a/grpcio-1.81.1-cp313-cp313-manylinux2014_aarch64.manylinux_2_17_aarch64.whl", hash = "sha256:c5bf2dc311127d91230cc79b92188c082634a06cf66c5234db49a43b910183b0", size = 6599094, upload-time = "2026-06-11T12:45:57.799Z" },
    { url = "https://files.pythonhosted.org/packages/3d/b3/e837954d279754f638a11cca5dcf6b24a005efb398984cefaf7735945a54/grpcio-1.81.1-cp313-cp313-manylinux2014_i686.manylinux_2_17_i686.whl", hash = "sha256:e8ca6a1fcdb2943c9cbc1804a1baf3acb6071d72a471591678ded84218006e14", size = 7307182, upload-time = "2026-06-11T12:46:00.568Z" },
    { url = "https://files.pythonhosted.org/packages/0d/1e/b47957057e729adc6cdf519a47f8be2562b7140e280f1418443eb4022192/grpcio-1.81.1-cp313-cp313-manylinux2014_x86_64.manylinux_2_17_x86_64.whl", hash = "sha256:e64dd101d380a115cc5a0c7856788adb535f1a4e21fc543775602f8be95180ae", size = 6810962, upload-time = "2026-06-11T12:46:03.312Z" },
    { url = "https://files.pythonhosted.org/packages/40/26/569868e364e05b19ec8f969da53d230bcd89c962cd198f7c29943155c4d3/grpcio-1.81.1-cp313-cp313-musllinux_1_2_aarch64.whl", hash = "sha256:98a07f9bf591e3a8919797bee1c53f026ba4acd587e5a4404c8e57c9ec36b2a5", size = 7415698, upload-time = "2026-06-11T12:46:06.005Z" },
    { url = "https://files.pythonhosted.org/packages/36/0c/5440a0582cb5653fc42a6e262eeb22700943313f8076f9dc927491b20a59/grpcio-1.81.1-cp313-cp313-musllinux_1_2_i686.whl", hash = "sha256:c261d74b1a945cf895a9d6eccd1685a8e837531beaab782da4d630a8d12deffb", size = 8407779, upload-time = "2026-06-11T12:46:08.84Z" },
    { url = "https://files.pythonhosted.org/packages/ff/aa/66fe9f39871d766987d869a03ee0842a026f499c7b1e62decb9e78a8088e/grpcio-1.81.1-cp313-cp313-musllinux_1_2_x86_64.whl", hash = "sha256:58ad1131c300d3c9b933802b3cc4dc69d380822935ba50b28703156ea826fbf7", size = 7844521, upload-time = "2026-06-11T12:46:12.171Z" },
    { url = "https://files.pythonhosted.org/packages/f0/9e/69bb7194861bcd28fb3193261d4f9c3831b4446993f002cf59068943e7ab/grpcio-1.81.1-cp313-cp313-win32.whl", hash = "sha256:78e29211f26da2fdd0e9c6d2b79f489476140cf7029b6a64808ade7ca4156a42", size = 4182786, upload-time = "2026-06-11T12:46:15.192Z" },
    { url = "https://files.pythonhosted.org/packages/0d/20/3da8bb0d637feccdc3e1e419bb511ce93651ce7d54164f95de22cc0b8b34/grpcio-1.81.1-cp313-cp313-win_amd64.whl", hash = "sha256:edb59506291b647a30884b1d51a599d605f40b20af4a7dc3d33786a47a31de60", size = 4928648, upload-time = "2026-06-11T12:46:17.823Z" },
    { url = "https://files.pythonhosted.org/packages/b6/58/19414622b1bf6981bc9c05a365bd548e71876c89000083b3af489251e9c0/grpcio-1.81.1-cp314-cp314-linux_armv7l.whl", hash = "sha256:506f48f2f9c29b143fca3dad7b0d518c188b6c9648c75a2ae6e2d9f2c13a060b", size = 6055336, upload-time = "2026-06-11T12:46:20.557Z" },
    { url = "https://files.pythonhosted.org/packages/32/f1/2ec88adb92b0eba970dd0e0e7dd086341daa3c75eba4f735f9e44bf684b0/grpcio-1.81.1-cp314-cp314-macosx_11_0_universal2.whl", hash = "sha256:d865db4a6318e1c1bea83292e0ed231090538fc4ca45425b0f0480eb338bbc6e", size = 12056279, upload-time = "2026-06-11T12:46:24.255Z" },
    { url = "https://files.pythonhosted.org/packages/41/36/e8c5f8c6ec71de73733695ebc809e98b178b534ec6d8eaa31a7ebab4ad4c/grpcio-1.81.1-cp314-cp314-manylinux2014_aarch64.manylinux_2_17_aarch64.whl", hash = "sha256:e2aa72e3ce1770317ef534f63d397b55e130725f5149bd36077c3b539019db27", size = 6608225, upload-time = "2026-06-11T12:46:27.601Z" },
    { url = "https://files.pythonhosted.org/packages/30/22/96fc577a845ab093326d9ab1adb874bd4936c8cf98ac8ed2f3db13a0a2fb/grpcio-1.81.1-cp314-cp314-manylinux2014_i686.manylinux_2_17_i686.whl", hash = "sha256:0490c30c261eded63f3f354979f9dc4502a9fb944cccb60cd9dc85f5a7349854", size = 7306576, upload-time = "2026-06-11T12:46:30.514Z" },
    { url = "https://files.pythonhosted.org/packages/76/7b/61dab5d5969f28d97fb1009cead1df0a5cd987d3315e1b37f18a4449f8bc/grpcio-1.81.1-cp314-cp314-manylinux2014_x86_64.manylinux_2_17_x86_64.whl", hash = "sha256:410482da976329fe5f4067270401b12cf2bd552ff8020f054ecfaddb5475f9d6", size = 6812165, upload-time = "2026-06-11T12:46:33.699Z" },
    { url = "https://files.pythonhosted.org/packages/82/78/6e501929d4f5f96462fd82fd9f0f06e5f9612207582b862868d68757b27d/grpcio-1.81.1-cp314-cp314-musllinux_1_2_aarch64.whl", hash = "sha256:e3657301562ac3cb8018d30d0d3ebfa39932239f7b5703422057ef14b69949f5", size = 7422962, upload-time = "2026-06-11T12:46:36.511Z" },
    { url = "https://files.pythonhosted.org/packages/2a/7e/f2157589e66daa78ebb3165942d05a08bdea93b9d11c2bc1e172aef89685/grpcio-1.81.1-cp314-cp314-musllinux_1_2_i686.whl", hash = "sha256:24c8e57504c8f45b237e40b99262d181071e5099a07053695b75d97bb53053a0", size = 8408176, upload-time = "2026-06-11T12:46:39.803Z" },
    { url = "https://files.pythonhosted.org/packages/da/df/c6717fef716e00d235ffb96123baf6dce76d6004f6233fa767c502861460/grpcio-1.81.1-cp314-cp314-musllinux_1_2_x86_64.whl", hash = "sha256:b427c19380991a4eaab2f6144b64b99b412043314c6bf4ab544f97bb31ee4190", size = 7846681, upload-time = "2026-06-11T12:46:43.013Z" },
    { url = "https://files.pythonhosted.org/packages/36/84/3502e9f210a6a5c4438c8aca3f88edd2e04f6a27f3d41b26cf0a0024b096/grpcio-1.81.1-cp314-cp314-win32.whl", hash = "sha256:61233fe8951e5c85dff81c2458b6528624760166946b5b47ea150a589168411f", size = 4264615, upload-time = "2026-06-11T12:46:45.741Z" },
    { url = "https://files.pythonhosted.org/packages/ff/b0/4af731ff7492c68a96e4c71bfd0f4590acde92b31c6fe4894e6465c10ff6/grpcio-1.81.1-cp314-cp314-win_amd64.whl", hash = "sha256:3768a5ff1b2125e6f552e561b6b2dca0e64982d8949689b4df145cf8b98d7821", size = 5070275, upload-time = "2026-06-11T12:46:48.486Z" },
]

[[package]]
name = "haversine"
version = "2.9.0"
source = { registry = "https://pypi.org/simple" }
sdist = { url = "https://files.pythonhosted.org/packages/1f/fe/5dc394a9db15c9f08c64ae050c03c01128227632fce07cc62aa5d32240d5/haversine-2.9.0.tar.gz", hash = "sha256:1103d7e1f0f108c25b31b63452c54d9d6f29389a70de7dd75fd4b908329b6fcf", size = 10171, upload-time = "2024-11-28T09:21:55.362Z" }
wheels = [
    { url = "https://files.pythonhosted.org/packages/fb/80/c9fa943acea97ec173deba84f7c83cc0639798c1dd97970bb90a73c1dc91/haversine-2.9.0-py2.py3-none-any.whl", hash = "sha256:d32031b6b4232e37764730a781a3b8cb248710f92aca6f553b8097524420754d", size = 7728, upload-time = "2024-11-28T09:21:53.817Z" },
]

[[package]]
name = "mavsdk"
version = "3.15.3"
source = { registry = "https://pypi.org/simple" }
dependencies = [
    { name = "grpcio" },
    { name = "protobuf" },
]
wheels = [
    { url = "https://files.pythonhosted.org/packages/1c/8b/fb30487c6804a79425bb4148481d84201728cf90dceb9886e0ad175dcef1/mavsdk-3.15.3-py3-none-linux_armv6l.whl", hash = "sha256:3b9d35cc2ea7599f78d1a7f73a36d6df44d9df38175ef788b5783bcc0c8dc7c8", size = 16562766, upload-time = "2026-02-11T01:48:55.732Z" },
    { url = "https://files.pythonhosted.org/packages/79/16/31d2693ef1c084861cfeaa3afe85871a9af95f2b481e05d3209902357bc1/mavsdk-3.15.3-py3-none-linux_armv7l.whl", hash = "sha256:e4dc685d456aa47928bebdfebfcb2fa056bf7f5c6cf5a10f34e77e51b5a6b526", size = 16562720, upload-time = "2026-02-11T01:48:58.441Z" },
    { url = "https://files.pythonhosted.org/packages/32/b5/81f857ec826c0b8b805ac7d3f4ec8e1dbd926ff318d1f92738e3594bff1d/mavsdk-3.15.3-py3-none-macosx_13_0_x86_64.whl", hash = "sha256:620aa9afcd115be9d118630246bbab2f60f58f596902d01ddaacc3259a13fc79", size = 12258385, upload-time = "2026-02-11T01:50:19.39Z" },
    { url = "https://files.pythonhosted.org/packages/1e/d1/2074e1dac83c83b1fc65cc4d6e3abcc2101f62059c8640cdb91c08c0c7fd/mavsdk-3.15.3-py3-none-macosx_14_0_arm64.whl", hash = "sha256:d7425842aa240c9a3bbccf7f34af6231c0e034209e54cdc47a790b70f90f705d", size = 11705000, upload-time = "2026-02-11T01:48:59.789Z" },
    { url = "https://files.pythonhosted.org/packages/f7/9c/b889e9403024b6c8fcfb2012fb96433a1f92877de09c3ae14ea06f162b4f/mavsdk-3.15.3-py3-none-manylinux1_x86_64.manylinux2014_x86_64.manylinux_2_17_x86_64.manylinux_2_5_x86_64.whl", hash = "sha256:ce07022a4a292bb15e1e744abe93980d8338256f76852ca5352e51229017c62f", size = 15193048, upload-time = "2026-02-11T01:49:19.052Z" },
    { url = "https://files.pythonhosted.org/packages/90/43/8aa26d7439a8b93a325f79de6a9795d3e9e48d138405ec5748a726cd6a08/mavsdk-3.15.3-py3-none-manylinux2014_aarch64.whl", hash = "sha256:18f0db1d017b237564bf25a31933e8ce29d35b5014e8667f05399a2ac4c415b4", size = 18218003, upload-time = "2026-02-11T01:48:59.371Z" },
    { url = "https://files.pythonhosted.org/packages/2a/d8/266335200bb22021da58eeece232ed9323bf3d514dcfc75cde0b8507ba65/mavsdk-3.15.3-py3-none-win32.whl", hash = "sha256:b08a500236fa814c1f43a86fe3281085918c16c36c3c398ac954631ce0dcbb42", size = 10757785, upload-time = "2026-02-11T01:49:49.987Z" },
    { url = "https://files.pythonhosted.org/packages/f4/b8/b9220987869d626fe6fe6947ad5a107e18612c69e79f2b7fe1d9a40e629c/mavsdk-3.15.3-py3-none-win_amd64.whl", hash = "sha256:5bfa8fb656b273f90f3d4c4e1ee65c205f3e1af83d8a4d8c7d5cf1f387c3931b", size = 10757785, upload-time = "2026-02-11T01:49:31.69Z" },
    { url = "https://files.pythonhosted.org/packages/b3/70/4c0d767506aa2bfe21587ba20416b859e23d4230bc469b85e136f0c75c12/mavsdk-3.15.3-py3-none-win_arm64.whl", hash = "sha256:dce986f9672f759fbe8f07c10568fa4111982a4a3da2502331aa79762f164115", size = 10757785, upload-time = "2026-02-11T01:49:56.351Z" },
]

[[package]]
name = "mechsys-uav"
version = "0.3.0"
source = { git = "https://github.com/leon-seidel/mechsys-uav.git#977db08fd21728121d1c5b514b8b9267aeae384d" }
dependencies = [
    { name = "haversine" },
    { name = "mavsdk" },
    { name = "shapely" },
]

[[package]]
name = "numpy"
version = "2.5.0"
source = { registry = "https://pypi.org/simple" }
sdist = { url = "https://files.pythonhosted.org/packages/e7/05/3d27272d30698dc0ecb7fdfaa41ad70303b444f81722bb99bce1d818638a/numpy-2.5.0.tar.gz", hash = "sha256:5a129578019311b6e56bdd714250f19b518f7dceeeb8d1af5490f4942d3f891c", size = 20652461, upload-time = "2026-06-21T20:57:51.95Z" }
wheels = [
    { url = "https://files.pythonhosted.org/packages/8a/33/07675aaad7f26ea013d5e884d9a0d784b79c6bd7566c333f5a52fa3c610b/numpy-2.5.0-cp313-cp313-macosx_10_13_x86_64.whl", hash = "sha256:520e6b8be0a4b65840ac8090d4f51cef4bed66e2b0894d5a520f099adc24a9b2", size = 16784890, upload-time = "2026-06-21T20:56:40.799Z" },
    { url = "https://files.pythonhosted.org/packages/85/4b/953118a730ee3b35e28645e0eb4cf9beec5bdbb954e1ac2f5fcefba6bbc3/numpy-2.5.0-cp313-cp313-macosx_11_0_arm64.whl", hash = "sha256:146b81cdd3967fdb6beca8ba25f00c58741d8f3cbd797f55af0fbe0bfec3469c", size = 11754584, upload-time = "2026-06-21T20:56:43.094Z" },
    { url = "https://files.pythonhosted.org/packages/44/9b/56dd530c367c74ae17411027cea4135ca57e1e0583bf5594cee18bd83217/numpy-2.5.0-cp313-cp313-macosx_14_0_arm64.whl", hash = "sha256:126b88d95e8ff9b00c9e717aa540469f21d6180162f84c0caec51b16215d49cd", size = 5313904, upload-time = "2026-06-21T20:56:45.503Z" },
    { url = "https://files.pythonhosted.org/packages/ce/b0/bcd672edad27ecca7da1f7bb0ce72cd1706a4f2d79ae94990afc97c13e1c/numpy-2.5.0-cp313-cp313-macosx_14_0_x86_64.whl", hash = "sha256:d4313cef1594c5ce46c31b6e54e918338f63f16ee9322304e8c9114d6d81c8bd", size = 6648504, upload-time = "2026-06-21T20:56:47.567Z" },
    { url = "https://files.pythonhosted.org/packages/80/9e/15cdfcbd30a1544a46c9e487a00df331c4672450216538705a9e51fa6710/numpy-2.5.0-cp313-cp313-manylinux_2_27_aarch64.manylinux_2_28_aarch64.whl", hash = "sha256:750fb097caf26fa878746d9d119f6f9da12dedcbff1eea966c3e3447647c4a9e", size = 15150086, upload-time = "2026-06-21T20:56:49.352Z" },
    { url = "https://files.pythonhosted.org/packages/32/4e/8d7656ccaab3e81e97258b8a9bc5f0c8502513a92fb4ceb0a2cbfebc17bf/numpy-2.5.0-cp313-cp313-manylinux_2_27_x86_64.manylinux_2_28_x86_64.whl", hash = "sha256:3893adc2dc7c0412ba76777db55a049215d99c9aa3113003be8f49f4f1290ab9", size = 16647250, upload-time = "2026-06-21T20:56:51.542Z" },
    { url = "https://files.pythonhosted.org/packages/3c/81/97060281b602ed07f21b12f4ec409eac1f75a2f91fbc829ed8b2becf3ad4/numpy-2.5.0-cp313-cp313-musllinux_1_2_aarch64.whl", hash = "sha256:835e454dd99b238cdc5a3f63bce2371296f5ebc53ca1e0f8e6ddbb6d92a29aab", size = 16512864, upload-time = "2026-06-21T20:56:55.401Z" },
    { url = "https://files.pythonhosted.org/packages/33/ab/4496208146911f8d8ddb54f68a972aafa6c8d44babcb2ea03b0e5cc87c9d/numpy-2.5.0-cp313-cp313-musllinux_1_2_x86_64.whl", hash = "sha256:6f9836778081a0a3c02a6a21493f3e9f5b311f8d2541934f31f05583dc999ea4", size = 18408407, upload-time = "2026-06-21T20:56:57.75Z" },
    { url = "https://files.pythonhosted.org/packages/d4/9f/a4df67c181e4ee8b467aa3332dc2db10fd5c515136831302f3ca48bc0a01/numpy-2.5.0-cp313-cp313-win32.whl", hash = "sha256:0b525be4744b60bb0557ac872d53ef07d085b5f39622bc579c98d3809d05b988", size = 6054431, upload-time = "2026-06-21T20:57:00.016Z" },
    { url = "https://files.pythonhosted.org/packages/30/53/491e1c47c55b62ccc6a63c1c5b8635c73fc2258dddeb9bda27cae4a0ae96/numpy-2.5.0-cp313-cp313-win_amd64.whl", hash = "sha256:44353e2878930039db472b99dc353d749826e4010bd4d2a7f835e94a97a5c748", size = 12414420, upload-time = "2026-06-21T20:57:01.815Z" },
    { url = "https://files.pythonhosted.org/packages/eb/4a/25c2906f541e9d9f4c5769764db732e6627be91a13f4724fa10634d77db4/numpy-2.5.0-cp313-cp313-win_arm64.whl", hash = "sha256:48f54b00711f83a5f796b70c518e8c2b3c5848dda03a54911f23eb68519b9b60", size = 10339533, upload-time = "2026-06-21T20:57:03.961Z" },
    { url = "https://files.pythonhosted.org/packages/86/ad/abc44aaceaf7b17ee1edde2bbb4458da591bc79574cffff50c4bb35f00d1/numpy-2.5.0-cp314-cp314-macosx_10_15_x86_64.whl", hash = "sha256:f27582c55ba4c750b7c58c8faf021d2cd9324a662b466229db8a417b41368af9", size = 16783807, upload-time = "2026-06-21T20:57:06.253Z" },
    { url = "https://files.pythonhosted.org/packages/5d/39/b72e168daf9c00fb20c9fc996d00437ccecdef3102387775d29d7a62576d/numpy-2.5.0-cp314-cp314-macosx_11_0_arm64.whl", hash = "sha256:28e7137057d551e4a83c4ae414e3451f50568409db7569aacc7f9811ee06a446", size = 11765215, upload-time = "2026-06-21T20:57:08.547Z" },
    { url = "https://files.pythonhosted.org/packages/f7/a0/8400a9c0e3625182347593f5e1f57da9a617a534794805c8df5518154ddc/numpy-2.5.0-cp314-cp314-macosx_14_0_arm64.whl", hash = "sha256:e1da54b53e75cd9fcfc23efcc7edab2c6aecf97b6037566d8a0fe804af8ec57c", size = 5324493, upload-time = "2026-06-21T20:57:11.012Z" },
    { url = "https://files.pythonhosted.org/packages/f6/8c/0d104deaa0401c93395a629ec902891618a2eff76d19229139cb5a887bfc/numpy-2.5.0-cp314-cp314-macosx_14_0_x86_64.whl", hash = "sha256:694d8f74e156f7fd01179f1aa8faa2f648ab6ae0f70b6c3fe57a03249aea2303", size = 6645211, upload-time = "2026-06-21T20:57:12.919Z" },
    { url = "https://files.pythonhosted.org/packages/6a/d9/4a4a628c812750363786afc3d33492709a5cd64b215469c16b0f6c7bb811/numpy-2.5.0-cp314-cp314-manylinux_2_27_aarch64.manylinux_2_28_aarch64.whl", hash = "sha256:1a7569a7b53c77716f036bb28cb1c91f166a26ec7d9502cd1e4bdfe502fdec22", size = 15166004, upload-time = "2026-06-21T20:57:14.717Z" },
    { url = "https://files.pythonhosted.org/packages/a0/5e/2a902317d7fc4aa93236e80c932662dadfc459b323d758329e01775125e1/numpy-2.5.0-cp314-cp314-manylinux_2_27_x86_64.manylinux_2_28_x86_64.whl", hash = "sha256:39a0433bd4086ebd462960cf375e19195bb07b53dc1d87dd5fcf47ad78576f03", size = 16650797, upload-time = "2026-06-21T20:57:16.906Z" },
    { url = "https://files.pythonhosted.org/packages/e9/a0/a0090e6329f4ca5992c07847bb579c5259a19953dc57255bb08793142ffb/numpy-2.5.0-cp314-cp314-musllinux_1_2_aarch64.whl", hash = "sha256:929f0c79ac38bcbd7154fe631dc907abfeddbcc5027a896bd1f7767323271e7a", size = 16524647, upload-time = "2026-06-21T20:57:19.165Z" },
    { url = "https://files.pythonhosted.org/packages/5e/7d/6caf27734c42b65837e7461ed0dbbd6b6fc835060c9714ec59d673bb383a/numpy-2.5.0-cp314-cp314-musllinux_1_2_x86_64.whl", hash = "sha256:cc4f247a47bbf070bfd70be53ccdcf47b800af563535e7bbe172322197c30e21", size = 18411841, upload-time = "2026-06-21T20:57:21.638Z" },
    { url = "https://files.pythonhosted.org/packages/13/dc/26edadbd812536769a82c2e9e002234e33feb5da43061d47a044f6d309b7/numpy-2.5.0-cp314-cp314-win32.whl", hash = "sha256:5dc71423499fab3f46f7a7201155ade1669ea101f2f429d332df9e72f8161731", size = 6106361, upload-time = "2026-06-21T20:57:23.844Z" },
    { url = "https://files.pythonhosted.org/packages/f2/9e/4dd1459282229a72d92dece2ae9138e5cac94a72263a7ceb48f37434c925/numpy-2.5.0-cp314-cp314-win_amd64.whl", hash = "sha256:ebb81d9d5443e0309d6c54894c3fbed74ad7da0714352a67b6d773cd189eae73", size = 12551749, upload-time = "2026-06-21T20:57:25.945Z" },
    { url = "https://files.pythonhosted.org/packages/05/a7/6bc6384c080b86c7f6c85c5bc5b540b24f4f679cd144791d99574e90d462/numpy-2.5.0-cp314-cp314-win_arm64.whl", hash = "sha256:3b94d0d0deceebfad3e67ae5c0e5eb87371e8f7a0581cd04a779928c2450cf1e", size = 10617072, upload-time = "2026-06-21T20:57:28.175Z" },
    { url = "https://files.pythonhosted.org/packages/86/6b/4a2b71d66ada5608ae02b63f150dfad520f6940721cb7f029ad270befc0e/numpy-2.5.0-cp314-cp314t-macosx_11_0_arm64.whl", hash = "sha256:22f3d43e362d650bc39db1f17851302874a148ca95ba6981c1dfb5fa6862f35b", size = 11881067, upload-time = "2026-06-21T20:57:30.104Z" },
    { url = "https://files.pythonhosted.org/packages/dc/b2/d365eb40a20efb49d67e9feb90494ed8511282ee1f5fa16006675c65397d/numpy-2.5.0-cp314-cp314t-macosx_14_0_arm64.whl", hash = "sha256:243563efb4cd7528a264567e9fd206c87826457322521d06206a00bfa316c927", size = 5440290, upload-time = "2026-06-21T20:57:32.193Z" },
    { url = "https://files.pythonhosted.org/packages/fa/5e/e9c03188de5f9b767e46a8fe988bcfd3efad066a4a3fda8b9cb11a93f895/numpy-2.5.0-cp314-cp314t-macosx_14_0_x86_64.whl", hash = "sha256:84881d825ca75249b189bbee875fcfe3238aa5c479e6100893cda566e8e86826", size = 6748371, upload-time = "2026-06-21T20:57:33.933Z" },
    { url = "https://files.pythonhosted.org/packages/fd/1d/68c186a38a5027bae2c4ddd5ea681fdaf8b4d30fb7301def6d8ad270390f/numpy-2.5.0-cp314-cp314t-manylinux_2_27_aarch64.manylinux_2_28_aarch64.whl", hash = "sha256:cda12aa4779d42b8771180aba759c96f527d43446d8f380ab59e2b35e8489efd", size = 15214643, upload-time = "2026-06-21T20:57:35.677Z" },
    { url = "https://files.pythonhosted.org/packages/8c/67/73f67b7c7e20635baae9c4c3ead4ae7326a005900297a6110971abd62eb5/numpy-2.5.0-cp314-cp314t-manylinux_2_27_x86_64.manylinux_2_28_x86_64.whl", hash = "sha256:1c0121101093d2bd74981b10f8837d78e794a8ff57834eb27179f49e1ba11ac6", size = 16690128, upload-time = "2026-06-21T20:57:38.159Z" },
    { url = "https://files.pythonhosted.org/packages/eb/05/d4c1fb0c46d02a27d6b2b8b319a78c90937acec8631c1641874670b31e6f/numpy-2.5.0-cp314-cp314t-musllinux_1_2_aarch64.whl", hash = "sha256:d371c92cfa09da00022f501ab67fafaea813d752eb30ac44336d45b1e5b0268a", size = 16577902, upload-time = "2026-06-21T20:57:40.447Z" },
    { url = "https://files.pythonhosted.org/packages/9e/1d/771c797d50fa26e4888989cccf1d50ee51f530d4e455ad2692dcb64fa711/numpy-2.5.0-cp314-cp314t-musllinux_1_2_x86_64.whl", hash = "sha256:9990713e9c38154c6861e7547f1e3fc7a87e75ff09bab24ef1cc81d81c2835e9", size = 18452814, upload-time = "2026-06-21T20:57:42.875Z" },
    { url = "https://files.pythonhosted.org/packages/e8/46/52fc0d2a68d7643f0f149eeea5a5d8ea2a3507056ac8afa83c9212606e8b/numpy-2.5.0-cp314-cp314t-win32.whl", hash = "sha256:edadfbd4794b1086c0d822f81863e8a68fc129d132fd0bb9e31e955d7fbbbdb7", size = 6253168, upload-time = "2026-06-21T20:57:45.101Z" },
    { url = "https://files.pythonhosted.org/packages/2a/be/6c8d1118b5f13b2881dc095d5b345de19c6638b8959c17409b6eff84c8aa/numpy-2.5.0-cp314-cp314t-win_amd64.whl", hash = "sha256:f7e5fa4382967ae6548bd2f174219afb908e294b0d5f625af01166edd5f7d9aa", size = 12736286, upload-time = "2026-06-21T20:57:46.935Z" },
    { url = "https://files.pythonhosted.org/packages/fd/6a/d3a169aaf8536cf228d56a09e04bcb713a2fe4410d4e2105b9419b5a9c89/numpy-2.5.0-cp314-cp314t-win_arm64.whl", hash = "sha256:016623417bb330d719d579daf2d6b9a01ddc52e41a9ed61a47f39fde46dcd865", size = 10686451, upload-time = "2026-06-21T20:57:49.313Z" },
]

[[package]]
name = "pigpio"
version = "1.78"
source = { registry = "https://pypi.org/simple" }
sdist = { url = "https://files.pythonhosted.org/packages/a9/4a/3ebdfd90906553fb5420e80a475eb52f0809f2a29b547ba3b260db0cbc8f/pigpio-1.78.tar.gz", hash = "sha256:91efa50e4990649da97408a384782d6ccf58342fc59cdfe21ed7a42911569975", size = 40738, upload-time = "2020-09-29T23:55:12.61Z" }
wheels = [
    { url = "https://files.pythonhosted.org/packages/82/a0/991ac7f96f83936c15f4b26b51d1fdba63e7bc9866411bfda022b649c2a7/pigpio-1.78-py2.py3-none-any.whl", hash = "sha256:81e46f640c4e6342881fa9bbe290dbcd4fc179619dc6591e57a9d4a084dc49fa", size = 39622, upload-time = "2020-09-29T23:55:11.013Z" },
]

[[package]]
name = "protobuf"
version = "7.35.1"
source = { registry = "https://pypi.org/simple" }
sdist = { url = "https://files.pythonhosted.org/packages/da/01/9ef0afd7999eb9badb3a768b4aedd78c86d4c65cfaf1958ab276199e76b4/protobuf-7.35.1.tar.gz", hash = "sha256:ce115a26fe0c39a2c29973d914d327e516a6455464489fe3cd1e51a1b354f81a", size = 458717, upload-time = "2026-06-11T21:55:40.257Z" }
wheels = [
    { url = "https://files.pythonhosted.org/packages/10/03/8aeeb7458d22546bf64b5250ca1daeb5ff757d900e8e4a7476c6f0db843e/protobuf-7.35.1-cp310-abi3-macosx_10_9_universal2.whl", hash = "sha256:24f857477359a85c0c235261b8ba905fd51b2562f4a64ca1df5473f29850cbf6", size = 433226, upload-time = "2026-06-11T21:55:31.719Z" },
    { url = "https://files.pythonhosted.org/packages/37/4b/dfb89eb0e652a1ff073c39a59fb5e3a83cfe9b57a2c83fa6d78270101767/protobuf-7.35.1-cp310-abi3-manylinux2014_aarch64.whl", hash = "sha256:11d6b0ec246892d85215b0a13ca6e0233cf5284b68f0ac02646427f4ff88a799", size = 328847, upload-time = "2026-06-11T21:55:34.035Z" },
    { url = "https://files.pythonhosted.org/packages/0f/58/dc12f2cd484951524af6e3382c785869b9b3fb5e52ee95ae23add53ee8f9/protobuf-7.35.1-cp310-abi3-manylinux2014_s390x.whl", hash = "sha256:b73f9489a4b8b1c9cb1f8ed951c736392592edb24b9d6819f36d2e10b171d5b4", size = 344030, upload-time = "2026-06-11T21:55:34.941Z" },
    { url = "https://files.pythonhosted.org/packages/e4/be/5b3cfe508bfab6761414ff944e3366eb13be4fd71efcd69450f89ba39f43/protobuf-7.35.1-cp310-abi3-manylinux2014_x86_64.whl", hash = "sha256:74758715c53d7158fb76caf4f0cfdacc5329a4b1bb994f865d6cf302d413a1c4", size = 327130, upload-time = "2026-06-11T21:55:35.921Z" },
    { url = "https://files.pythonhosted.org/packages/d8/bc/6d6c7ba8709c85f8f2c390b2b118d6fb08a783676a572271851bf45a7d22/protobuf-7.35.1-cp310-abi3-win32.whl", hash = "sha256:353652e4efd0bca5b5fc2656abf8307ef351f0cf938c9eba09f0e09c20a25c30", size = 428945, upload-time = "2026-06-11T21:55:37.034Z" },
    { url = "https://files.pythonhosted.org/packages/0a/19/8d0cb6f20a1ef7b18f1c8986ad5783f22f84cce39c6ce9a6e645ea55192e/protobuf-7.35.1-cp310-abi3-win_amd64.whl", hash = "sha256:230a75ddfc2de4806e56696ce9640c1cdfdb6543b7cfce98d42a4c0a0e7bdb87", size = 439996, upload-time = "2026-06-11T21:55:38.123Z" },
    { url = "https://files.pythonhosted.org/packages/19/c7/5f7c636ec43e0c545e28d1f1db71990108306f7bdcb89f069ba97e428e7f/protobuf-7.35.1-py3-none-any.whl", hash = "sha256:4bc97768d8fe4ad6743c8a19403e314511ed9f6d13205b687e52421c023ac1b9", size = 171659, upload-time = "2026-06-11T21:55:39.155Z" },
]

[[package]]
name = "shapely"
version = "2.0.7"
source = { registry = "https://pypi.org/simple" }
dependencies = [
    { name = "numpy" },
]
sdist = { url = "https://files.pythonhosted.org/packages/21/c0/a911d1fd765d07a2b6769ce155219a281bfbe311584ebe97340d75c5bdb1/shapely-2.0.7.tar.gz", hash = "sha256:28fe2997aab9a9dc026dc6a355d04e85841546b2a5d232ed953e3321ab958ee5", size = 283413, upload-time = "2025-01-31T01:10:20.787Z" }
wheels = [
    { url = "https://files.pythonhosted.org/packages/c6/21/abea43effbfe11f792e44409ee9ad7635aa93ef1c8ada0ef59b3c1c3abad/shapely-2.0.7-cp313-cp313-macosx_10_13_x86_64.whl", hash = "sha256:a0c09e3e02f948631c7763b4fd3dd175bc45303a0ae04b000856dedebefe13cb", size = 1481618, upload-time = "2025-01-31T02:42:59.915Z" },
    { url = "https://files.pythonhosted.org/packages/d9/71/af688798da36fe355a6e6ffe1d4628449cb5fa131d57fc169bcb614aeee7/shapely-2.0.7-cp313-cp313-macosx_11_0_arm64.whl", hash = "sha256:06ff6020949b44baa8fc2e5e57e0f3d09486cd5c33b47d669f847c54136e7027", size = 1345159, upload-time = "2025-01-31T02:43:01.611Z" },
    { url = "https://files.pythonhosted.org/packages/67/47/f934fe2b70d31bb9774ad4376e34f81666deed6b811306ff574faa3d115e/shapely-2.0.7-cp313-cp313-manylinux_2_17_aarch64.manylinux2014_aarch64.whl", hash = "sha256:5d6dbf096f961ca6bec5640e22e65ccdec11e676344e8157fe7d636e7904fd36", size = 2410267, upload-time = "2025-01-31T02:43:05.83Z" },
    { url = "https://files.pythonhosted.org/packages/f5/8a/2545cc2a30afc63fc6176c1da3b76af28ef9c7358ed4f68f7c6a9d86cf5b/shapely-2.0.7-cp313-cp313-manylinux_2_17_x86_64.manylinux2014_x86_64.whl", hash = "sha256:adeddfb1e22c20548e840403e5e0b3d9dc3daf66f05fa59f1fcf5b5f664f0e98", size = 2514128, upload-time = "2025-01-31T02:43:08.427Z" },
    { url = "https://files.pythonhosted.org/packages/87/54/2344ce7da39676adec94e84fbaba92a8f1664e4ae2d33bd404dafcbe607f/shapely-2.0.7-cp313-cp313-win32.whl", hash = "sha256:a7f04691ce1c7ed974c2f8b34a1fe4c3c5dfe33128eae886aa32d730f1ec1913", size = 1295783, upload-time = "2025-01-31T02:43:10.608Z" },
    { url = "https://files.pythonhosted.org/packages/d7/1e/6461e5cfc8e73ae165b8cff6eb26a4d65274fad0e1435137c5ba34fe4e88/shapely-2.0.7-cp313-cp313-win_amd64.whl", hash = "sha256:aaaf5f7e6cc234c1793f2a2760da464b604584fb58c6b6d7d94144fd2692d67e", size = 1442300, upload-time = "2025-01-31T02:43:12.299Z" },
]

[[package]]
name = "software-team-new"
version = "0.1.0"
source = { virtual = "." }
dependencies = [
    { name = "mechsys-uav" },
    { name = "pigpio" },
]

[package.metadata]
requires-dist = [
    { name = "mechsys-uav", git = "https://github.com/leon-seidel/mechsys-uav.git" },
    { name = "pigpio", specifier = ">=1.78" },
]

[[package]]
name = "typing-extensions"
version = "4.15.0"
source = { registry = "https://pypi.org/simple" }
sdist = { url = "https://files.pythonhosted.org/packages/72/94/1a15dd82efb362ac84269196e94cf00f187f7ed21c242792a923cdb1c61f/typing_extensions-4.15.0.tar.gz", hash = "sha256:0cea48d173cc12fa28ecabc3b837ea3cf6f38c6d1136f85cbaaf598984861466", size = 109391, upload-time = "2025-08-25T13:49:26.313Z" }
wheels = [
    { url = "https://files.pythonhosted.org/packages/18/67/36e9267722cc04a6b9f15c7f3441c2363321a3ea07da7ae0c0707beb2a9c/typing_extensions-4.15.0-py3-none-any.whl", hash = "sha256:f0fa19c6845758ab08074a0cfa8b7aecb71c999ca73d62883bc25cc018c4e548", size = 44614, upload-time = "2025-08-25T13:49:24.86Z" },
]
